
Microsoft Visual Studio Solution File, Format Version 12.00
# Visual Studio Version 16
VisualStudioVersion = 16.0.33027.164
MinimumVisualStudioVersion = 10.0.40219.1
Project("{FAE04EC0-301F-11D3-BF4B-00C04F79EFBC}") = "FileManagerr", "FileManagerr\FileManagerr.csproj", "{FE3AFCCD-6447-499D-B5FE-8DDA33142DA7}"
EndProject
Global
	GlobalSection(SolutionConfigurationPlatforms) = preSolution
		Debug|Any CPU = Debug|Any CPU
		Release|Any CPU = Release|Any CPU
	EndGlobalSection
	GlobalSection(ProjectConfigurationPlatforms) = postSolution
		{FE3AFCCD-6447-499D-B5FE-8DDA33142DA7}.Debug|Any CPU.ActiveCfg = Debug|Any CPU
		{FE3AFCCD-6447-499D-B5FE-8DDA33142DA7}.Debug|Any CPU.Build.0 = Debug|Any CPU
		{FE3AFCCD-6447-499D-B5FE-8DDA33142DA7}.Release|Any CPU.ActiveCfg = Release|Any CPU
		{FE3AFCCD-6447-499D-B5FE-8DDA33142DA7}.Release|Any CPU.Build.0 = Release|Any CPU
	EndGlobalSection
	GlobalSection(SolutionProperties) = preSolution
		HideSolutionNode = FALSE
	EndGlobalSection
	GlobalSection(ExtensibilityGlobals) = postSolution
		SolutionGuid = {18B817C9-F445-48D1-A2BA-6FFC553DC427}
	EndGlobalSection
EndGlobal
